// !$*UTF8*$!
{
	archiveVersion = 1;
	classes = {
	};
	objectVersion = 51;
	objects = {

/* Begin PBXBuildFile section */
		555D2D5D614866E53019CB90 /* Pods_Darkness.framework in Frameworks */ = {isa = PBXBuildFile; fileRef = FC9B974A13805F95473920E1 /* Pods_Darkness.framework */; };
		C01B48B52369B6B500477C03 /* ScreenBrightness.swift in Sources */ = {isa = PBXBuildFile; fileRef = C01B48B42369B6B500477C03 /* ScreenBrightness.swift */; };
		C01B48B72369B89100477C03 /* NSScreen+Brightness.swift in Sources */ = {isa = PBXBuildFile; fileRef = C01B48B62369B89100477C03 /* NSScreen+Brightness.swift */; };
		C07FF3B7236B0675003C9E56 /* NSView+LoadFromNib.swift in Sources */ = {isa = PBXBuildFile; fileRef = C07FF3B6236B0675003C9E56 /* NSView+LoadFromNib.swift */; };
		C086E9AA2361E20200BD4FA9 /* Menu.swift in Sources */ = {isa = PBXBuildFile; fileRef = C086E9A92361E20200BD4FA9 /* Menu.swift */; };
		C0BF171F235F3FEC00521919 /* Appearance.swift in Sources */ = {isa = PBXBuildFile; fileRef = C0BF171E235F3FEC00521919 /* Appearance.swift */; };
		C0ED0ABD23590B9400A20B2B /* AppDelegate.swift in Sources */ = {isa = PBXBuildFile; fileRef = C0ED0ABC23590B9400A20B2B /* AppDelegate.swift */; };
		C0ED0AC123590B9500A20B2B /* Assets.xcassets in Resources */ = {isa = PBXBuildFile; fileRef = C0ED0AC023590B9500A20B2B /* Assets.xcassets */; };
		C0ED0AC423590B9500A20B2B /* Main.storyboard in Resources */ = {isa = PBXBuildFile; fileRef = C0ED0AC223590B9500A20B2B /* Main.storyboard */; };
		C0F59165236ADB940000FA4A /* BrightnessSliderView.swift in Sources */ = {isa = PBXBuildFile; fileRef = C0F59164236ADB940000FA4A /* BrightnessSliderView.swift */; };
		C0F59167236ADBBC0000FA4A /* BrightnessSliderView.xib in Resources */ = {isa = PBXBuildFile; fileRef = C0F59166236ADBBC0000FA4A /* BrightnessSliderView.xib */; };
		C0FBD0B52365A1AA0057AAFF /* Observable.swift in Sources */ = {isa = PBXBuildFile; fileRef = C0FBD0B42365A1AA0057AAFF /* Observable.swift */; };
/* End PBXBuildFile section */

/* Begin PBXFileReference section */
		0D5C2181DDEC0FD9F43AFC62 /* Pods-Darkness.debug.xcconfig */ = {isa = PBXFileReference; includeInIndex = 1; lastKnownFileType = text.xcconfig; name = "Pods-Darkness.debug.xcconfig"; path = "Target Support Files/Pods-Darkness/Pods-Darkness.debug.xcconfig"; sourceTree = "<group>"; };
		A6584E91867B0CD4B31DFC61 /* Pods-Darkness.release.xcconfig */ = {isa = PBXFileReference; includeInIndex = 1; lastKnownFileType = text.xcconfig; name = "Pods-Darkness.release.xcconfig"; path = "Target Support Files/Pods-Darkness/Pods-Darkness.release.xcconfig"; sourceTree = "<group>"; };
		C01B48B42369B6B500477C03 /* ScreenBrightness.swift */ = {isa = PBXFileReference; lastKnownFileType = sourcecode.swift; path = ScreenBrightness.swift; sourceTree = "<group>"; };
		C01B48B62369B89100477C03 /* NSScreen+Brightness.swift */ = {isa = PBXFileReference; lastKnownFileType = sourcecode.swift; path = "NSScreen+Brightness.swift"; sourceTree = "<group>"; };
		C07FF3B6236B0675003C9E56 /* NSView+LoadFromNib.swift */ = {isa = PBXFileReference; lastKnownFileType = sourcecode.swift; path = "NSView+LoadFromNib.swift"; sourceTree = "<group>"; };
		C086E9A92361E20200BD4FA9 /* Menu.swift */ = {isa = PBXFileReference; lastKnownFileType = sourcecode.swift; path = Menu.swift; sourceTree = "<group>"; };
		C0BF171E235F3FEC00521919 /* Appearance.swift */ = {isa = PBXFileReference; lastKnownFileType = sourcecode.swift; path = Appearance.swift; sourceTree = "<group>"; };
		C0ED0AB923590B9400A20B2B /* Darkness.app */ = {isa = PBXFileReference; explicitFileType = wrapper.application; includeInIndex = 0; path = Darkness.app; sourceTree = BUILT_PRODUCTS_DIR; };
		C0ED0ABC23590B9400A20B2B /* AppDelegate.swift */ = {isa = PBXFileReference; lastKnownFileType = sourcecode.swift; path = AppDelegate.swift; sourceTree = "<group>"; };
		C0ED0AC023590B9500A20B2B /* Assets.xcassets */ = {isa = PBXFileReference; lastKnownFileType = folder.assetcatalog; path = Assets.xcassets; sourceTree = "<group>"; };
		C0ED0AC323590B9500A20B2B /* Base */ = {isa = PBXFileReference; lastKnownFileType = file.storyboard; name = Base; path = Base.lproj/Main.storyboard; sourceTree = "<group>"; };
		C0ED0AC523590B9500A20B2B /* Info.plist */ = {isa = PBXFileReference; lastKnownFileType = text.plist.xml; path = Info.plist; sourceTree = "<group>"; };
		C0ED0AC623590B9500A20B2B /* Darkness.entitlements */ = {isa = PBXFileReference; lastKnownFileType = text.plist.entitlements; path = Darkness.entitlements; sourceTree = "<group>"; };
		C0F59164236ADB940000FA4A /* BrightnessSliderView.swift */ = {isa = PBXFileReference; lastKnownFileType = sourcecode.swift; path = BrightnessSliderView.swift; sourceTree = "<group>"; };
		C0F59166236ADBBC0000FA4A /* BrightnessSliderView.xib */ = {isa = PBXFileReference; lastKnownFileType = file.xib; path = BrightnessSliderView.xib; sourceTree = "<group>"; };
		C0FBD0B42365A1AA0057AAFF /* Observable.swift */ = {isa = PBXFileReference; lastKnownFileType = sourcecode.swift; path = Observable.swift; sourceTree = "<group>"; };
		FC9B974A13805F95473920E1 /* Pods_Darkness.framework */ = {isa = PBXFileReference; explicitFileType = wrapper.framework; includeInIndex = 0; path = Pods_Darkness.framework; sourceTree = BUILT_PRODUCTS_DIR; };
/* End PBXFileReference section */

/* Begin PBXFrameworksBuildPhase section */
		C0ED0AB623590B9400A20B2B /* Frameworks */ = {
			isa = PBXFrameworksBuildPhase;
			buildActionMask = 2147483647;
			files = (
				555D2D5D614866E53019CB90 /* Pods_Darkness.framework in Frameworks */,
			);
			runOnlyForDeploymentPostprocessing = 0;
		};
/* End PBXFrameworksBuildPhase section */

/* Begin PBXGroup section */
		48511A9B523AED61A4B0B25D /* Frameworks */ = {
			isa = PBXGroup;
			children = (
				FC9B974A13805F95473920E1 /* Pods_Darkness.framework */,
			);
			name = Frameworks;
			sourceTree = "<group>";
		};
		9A239006B0151749951FF5A7 /* Pods */ = {
			isa = PBXGroup;
			children = (
				0D5C2181DDEC0FD9F43AFC62 /* Pods-Darkness.debug.xcconfig */,
				A6584E91867B0CD4B31DFC61 /* Pods-Darkness.release.xcconfig */,
			);
			path = Pods;
			sourceTree = "<group>";
		};
		C08641E9236E08F200286953 /* BrightnessSlider */ = {
			isa = PBXGroup;
			children = (
				C0F59164236ADB940000FA4A /* BrightnessSliderView.swift */,
				C0F59166236ADBBC0000FA4A /* BrightnessSliderView.xib */,
			);
			path = BrightnessSlider;
			sourceTree = "<group>";
		};
		C0ED0AB023590B9400A20B2B = {
			isa = PBXGroup;
			children = (
				C0ED0ABB23590B9400A20B2B /* Darkness */,
				C0ED0ABA23590B9400A20B2B /* Products */,
				9A239006B0151749951FF5A7 /* Pods */,
				48511A9B523AED61A4B0B25D /* Frameworks */,
			);
			sourceTree = "<group>";
		};
		C0ED0ABA23590B9400A20B2B /* Products */ = {
			isa = PBXGroup;
			children = (
				C0ED0AB923590B9400A20B2B /* Darkness.app */,
			);
			name = Products;
			sourceTree = "<group>";
		};
		C0ED0ABB23590B9400A20B2B /* Darkness */ = {
			isa = PBXGroup;
			children = (
				C0F59163236ADB050000FA4A /* UI */,
				C0F59162236AD8C30000FA4A /* Helpers */,
				C0ED0ABC23590B9400A20B2B /* AppDelegate.swift */,
				C0ED0AC023590B9500A20B2B /* Assets.xcassets */,
				C0ED0AC223590B9500A20B2B /* Main.storyboard */,
				C0ED0AC523590B9500A20B2B /* Info.plist */,
				C0ED0AC623590B9500A20B2B /* Darkness.entitlements */,
			);
			path = Darkness;
			sourceTree = "<group>";
		};
		C0F59162236AD8C30000FA4A /* Helpers */ = {
			isa = PBXGroup;
			children = (
				C0FBD0B42365A1AA0057AAFF /* Observable.swift */,
				C0BF171E235F3FEC00521919 /* Appearance.swift */,
				C01B48B42369B6B500477C03 /* ScreenBrightness.swift */,
				C01B48B62369B89100477C03 /* NSScreen+Brightness.swift */,
				C07FF3B6236B0675003C9E56 /* NSView+LoadFromNib.swift */,
			);
			path = Helpers;
			sourceTree = "<group>";
		};
		C0F59163236ADB050000FA4A /* UI */ = {
			isa = PBXGroup;
			children = (
				C08641E9236E08F200286953 /* BrightnessSlider */,
				C086E9A92361E20200BD4FA9 /* Menu.swift */,
			);
			path = UI;
			sourceTree = "<group>";
		};
/* End PBXGroup section */

/* Begin PBXNativeTarget section */
		C0ED0AB823590B9400A20B2B /* Darkness */ = {
			isa = PBXNativeTarget;
			buildConfigurationList = C0ED0AC923590B9500A20B2B /* Build configuration list for PBXNativeTarget "Darkness" */;
			buildPhases = (
				C451360645D8AE639BFDF280 /* [CP] Check Pods Manifest.lock */,
				C0ED0AB523590B9400A20B2B /* Sources */,
				C0ED0AB623590B9400A20B2B /* Frameworks */,
				C0ED0AB723590B9400A20B2B /* Resources */,
				4DA8194062C016688D840B83 /* [CP] Embed Pods Frameworks */,
			);
			buildRules = (
			);
			dependencies = (
			);
			name = Darkness;
			productName = Darkness;
			productReference = C0ED0AB923590B9400A20B2B /* Darkness.app */;
			productType = "com.apple.product-type.application";
		};
/* End PBXNativeTarget section */

/* Begin PBXProject section */
		C0ED0AB123590B9400A20B2B /* Project object */ = {
			isa = PBXProject;
			attributes = {
				LastSwiftUpdateCheck = 1120;
				LastUpgradeCheck = 1120;
				ORGANIZATIONNAME = "Joan Disho";
				TargetAttributes = {
					C0ED0AB823590B9400A20B2B = {
						CreatedOnToolsVersion = 11.2;
					};
				};
			};
			buildConfigurationList = C0ED0AB423590B9400A20B2B /* Build configuration list for PBXProject "Darkness" */;
			compatibilityVersion = "Xcode 9.3";
			developmentRegion = en;
			hasScannedForEncodings = 0;
			knownRegions = (
				en,
				Base,
			);
			mainGroup = C0ED0AB023590B9400A20B2B;
			productRefGroup = C0ED0ABA23590B9400A20B2B /* Products */;
			projectDirPath = "";
			projectRoot = "";
			targets = (
				C0ED0AB823590B9400A20B2B /* Darkness */,
			);
		};
/* End PBXProject section */

/* Begin PBXResourcesBuildPhase section */
		C0ED0AB723590B9400A20B2B /* Resources */ = {
			isa = PBXResourcesBuildPhase;
			buildActionMask = 2147483647;
			files = (
				C0ED0AC123590B9500A20B2B /* Assets.xcassets in Resources */,
				C0F59167236ADBBC0000FA4A /* BrightnessSliderView.xib in Resources */,
				C0ED0AC423590B9500A20B2B /* Main.storyboard in Resources */,
			);
			runOnlyForDeploymentPostprocessing = 0;
		};
/* End PBXResourcesBuildPhase section */

/* Begin PBXShellScriptBuildPhase section */
		4DA8194062C016688D840B83 /* [CP] Embed Pods Frameworks */ = {
			isa = PBXShellScriptBuildPhase;
			buildActionMask = 2147483647;
			files = (
			);
			inputFileListPaths = (
				"${PODS_ROOT}/Target Support Files/Pods-Darkness/Pods-Darkness-frameworks-${CONFIGURATION}-input-files.xcfilelist",
			);
			name = "[CP] Embed Pods Frameworks";
			outputFileListPaths = (
				"${PODS_ROOT}/Target Support Files/Pods-Darkness/Pods-Darkness-frameworks-${CONFIGURATION}-output-files.xcfilelist",
			);
			runOnlyForDeploymentPostprocessing = 0;
			shellPath = /bin/sh;
			shellScript = "\"${PODS_ROOT}/Target Support Files/Pods-Darkness/Pods-Darkness-frameworks.sh\"\n";
			showEnvVarsInLog = 0;
		};
		C451360645D8AE639BFDF280 /* [CP] Check Pods Manifest.lock */ = {
			isa = PBXShellScriptBuildPhase;
			buildActionMask = 2147483647;
			files = (
			);
			inputFileListPaths = (
			);
			inputPaths = (
				"${PODS_PODFILE_DIR_PATH}/Podfile.lock",
				"${PODS_ROOT}/Manifest.lock",
			);
			name = "[CP] Check Pods Manifest.lock";
			outputFileListPaths = (
			);
			outputPaths = (
				"$(DERIVED_FILE_DIR)/Pods-Darkness-checkManifestLockResult.txt",
			);
			runOnlyForDeploymentPostprocessing = 0;
			shellPath = /bin/sh;
			shellScript = "diff \"${PODS_PODFILE_DIR_PATH}/Podfile.lock\" \"${PODS_ROOT}/Manifest.lock\" > /dev/null\nif [ $? != 0 ] ; then\n    # print error to STDERR\n    echo \"error: The sandbox is not in sync with the Podfile.lock. Run 'pod install' or update your CocoaPods installation.\" >&2\n    exit 1\nfi\n# This output is used by Xcode 'outputs' to avoid re-running this script phase.\necho \"SUCCESS\" > \"${SCRIPT_OUTPUT_FILE_0}\"\n";
			showEnvVarsInLog = 0;
		};
/* End PBXShellScriptBuildPhase section */

/* Begin PBXSourcesBuildPhase section */
		C0ED0AB523590B9400A20B2B /* Sources */ = {
			isa = PBXSourcesBuildPhase;
			buildActionMask = 2147483647;
			files = (
				C0FBD0B52365A1AA0057AAFF /* Observable.swift in Sources */,
				C0BF171F235F3FEC00521919 /* Appearance.swift in Sources */,
				C01B48B72369B89100477C03 /* NSScreen+Brightness.swift in Sources */,
				C0F59165236ADB940000FA4A /* BrightnessSliderView.swift in Sources */,
				C086E9AA2361E20200BD4FA9 /* Menu.swift in Sources */,
				C01B48B52369B6B500477C03 /* ScreenBrightness.swift in Sources */,
				C07FF3B7236B0675003C9E56 /* NSView+LoadFromNib.swift in Sources */,
				C0ED0ABD23590B9400A20B2B /* AppDelegate.swift in Sources */,
			);
			runOnlyForDeploymentPostprocessing = 0;
		};
/* End PBXSourcesBuildPhase section */

/* Begin PBXVariantGroup section */
		C0ED0AC223590B9500A20B2B /* Main.storyboard */ = {
			isa = PBXVariantGroup;
			children = (
				C0ED0AC323590B9500A20B2B /* Base */,
			);
			name = Main.storyboard;
			sourceTree = "<group>";
		};
/* End PBXVariantGroup section */

/* Begin XCBuildConfiguration section */
		C0ED0AC723590B9500A20B2B /* Debug */ = {
			isa = XCBuildConfiguration;
			buildSettings = {
				ALWAYS_SEARCH_USER_PATHS = NO;
				CLANG_ANALYZER_NONNULL = YES;
				CLANG_ANALYZER_NUMBER_OBJECT_CONVERSION = YES_AGGRESSIVE;
				CLANG_CXX_LANGUAGE_STANDARD = "gnu++14";
				CLANG_CXX_LIBRARY = "libc++";
				CLANG_ENABLE_MODULES = YES;
				CLANG_ENABLE_OBJC_ARC = YES;
				CLANG_ENABLE_OBJC_WEAK = YES;
				CLANG_WARN_BLOCK_CAPTURE_AUTORELEASING = YES;
				CLANG_WARN_BOOL_CONVERSION = YES;
				CLANG_WARN_COMMA = YES;
				CLANG_WARN_CONSTANT_CONVERSION = YES;
				CLANG_WARN_DEPRECATED_OBJC_IMPLEMENTATIONS = YES;
				CLANG_WARN_DIRECT_OBJC_ISA_USAGE = YES_ERROR;
				CLANG_WARN_DOCUMENTATION_COMMENTS = YES;
				CLANG_WARN_EMPTY_BODY = YES;
				CLANG_WARN_ENUM_CONVERSION = YES;
				CLANG_WARN_INFINITE_RECURSION = YES;
				CLANG_WARN_INT_CONVERSION = YES;
				CLANG_WARN_NON_LITERAL_NULL_CONVERSION = YES;
				CLANG_WARN_OBJC_IMPLICIT_RETAIN_SELF = YES;
				CLANG_WARN_OBJC_LITERAL_CONVERSION = YES;
				CLANG_WARN_OBJC_ROOT_CLASS = YES_ERROR;
				CLANG_WARN_RANGE_LOOP_ANALYSIS = YES;
				CLANG_WARN_STRICT_PROTOTYPES = YES;
				CLANG_WARN_SUSPICIOUS_MOVE = YES;
				CLANG_WARN_UNGUARDED_AVAILABILITY = YES_AGGRESSIVE;
				CLANG_WARN_UNREACHABLE_CODE = YES;
				CLANG_WARN__DUPLICATE_METHOD_MATCH = YES;
				COPY_PHASE_STRIP = NO;
				DEBUG_INFORMATION_FORMAT = dwarf;
				ENABLE_STRICT_OBJC_MSGSEND = YES;
				ENABLE_TESTABILITY = YES;
				GCC_C_LANGUAGE_STANDARD = gnu11;
				GCC_DYNAMIC_NO_PIC = NO;
				GCC_NO_COMMON_BLOCKS = YES;
				GCC_OPTIMIZATION_LEVEL = 0;
				GCC_PREPROCESSOR_DEFINITIONS = (
					"DEBUG=1",
					"$(inherited)",
				);
				GCC_WARN_64_TO_32_BIT_CONVERSION = YES;
				GCC_WARN_ABOUT_RETURN_TYPE = YES_ERROR;
				GCC_WARN_UNDECLARED_SELECTOR = YES;
				GCC_WARN_UNINITIALIZED_AUTOS = YES_AGGRESSIVE;
				GCC_WARN_UNUSED_FUNCTION = YES;
				GCC_WARN_UNUSED_VARIABLE = YES;
				MACOSX_DEPLOYMENT_TARGET = 10.15;
				MTL_ENABLE_DEBUG_INFO = INCLUDE_SOURCE;
				MTL_FAST_MATH = YES;
				ONLY_ACTIVE_ARCH = YES;
				SDKROOT = macosx;
				SWIFT_ACTIVE_COMPILATION_CONDITIONS = DEBUG;
				SWIFT_OPTIMIZATION_LEVEL = "-Onone";
			};
			name = Debug;
		};
		C0ED0AC823590B9500A20B2B /* Release */ = {
			isa = XCBuildConfiguration;
			buildSettings = {
				ALWAYS_SEARCH_USER_PATHS = NO;
				CLANG_ANALYZER_NONNULL = YES;
				CLANG_ANALYZER_NUMBER_OBJECT_CONVERSION = YES_AGGRESSIVE;
				CLANG_CXX_LANGUAGE_STANDARD = "gnu++14";
				CLANG_CXX_LIBRARY = "libc++";
				CLANG_ENABLE_MODULES = YES;
				CLANG_ENABLE_OBJC_ARC = YES;
				CLANG_ENABLE_OBJC_WEAK = YES;
				CLANG_WARN_BLOCK_CAPTURE_AUTORELEASING = YES;
				CLANG_WARN_BOOL_CONVERSION = YES;
				CLANG_WARN_COMMA = YES;
				CLANG_WARN_CONSTANT_CONVERSION = YES;
				CLANG_WARN_DEPRECATED_OBJC_IMPLEMENTATIONS = YES;
				CLANG_WARN_DIRECT_OBJC_ISA_USAGE = YES_ERROR;
				CLANG_WARN_DOCUMENTATION_COMMENTS = YES;
				CLANG_WARN_EMPTY_BODY = YES;
				CLANG_WARN_ENUM_CONVERSION = YES;
				CLANG_WARN_INFINITE_RECURSION = YES;
				CLANG_WARN_INT_CONVERSION = YES;
				CLANG_WARN_NON_LITERAL_NULL_CONVERSION = YES;
				CLANG_WARN_OBJC_IMPLICIT_RETAIN_SELF = YES;
				CLANG_WARN_OBJC_LITERAL_CONVERSION = YES;
				CLANG_WARN_OBJC_ROOT_CLASS = YES_ERROR;
				CLANG_WARN_RANGE_LOOP_ANALYSIS = YES;
				CLANG_WARN_STRICT_PROTOTYPES = YES;
				CLANG_WARN_SUSPICIOUS_MOVE = YES;
				CLANG_WARN_UNGUARDED_AVAILABILITY = YES_AGGRESSIVE;
				CLANG_WARN_UNREACHABLE_CODE = YES;
				CLANG_WARN__DUPLICATE_METHOD_MATCH = YES;
				COPY_PHASE_STRIP = NO;
				DEBUG_INFORMATION_FORMAT = "dwarf-with-dsym";
				ENABLE_NS_ASSERTIONS = NO;
				ENABLE_STRICT_OBJC_MSGSEND = YES;
				GCC_C_LANGUAGE_STANDARD = gnu11;
				GCC_NO_COMMON_BLOCKS = YES;
				GCC_WARN_64_TO_32_BIT_CONVERSION = YES;
				GCC_WARN_ABOUT_RETURN_TYPE = YES_ERROR;
				GCC_WARN_UNDECLARED_SELECTOR = YES;
				GCC_WARN_UNINITIALIZED_AUTOS = YES_AGGRESSIVE;
				GCC_WARN_UNUSED_FUNCTION = YES;
				GCC_WARN_UNUSED_VARIABLE = YES;
				MACOSX_DEPLOYMENT_TARGET = 10.15;
				MTL_ENABLE_DEBUG_INFO = NO;
				MTL_FAST_MATH = YES;
				SDKROOT = macosx;
				SWIFT_COMPILATION_MODE = wholemodule;
				SWIFT_OPTIMIZATION_LEVEL = "-O";
			};
			name = Release;
		};
		C0ED0ACA23590B9500A20B2B /* Debug */ = {
			isa = XCBuildConfiguration;
			baseConfigurationReference = 0D5C2181DDEC0FD9F43AFC62 /* Pods-Darkness.debug.xcconfig */;
			buildSettings = {
				ASSETCATALOG_COMPILER_APPICON_NAME = AppIcon;
				CODE_SIGN_ENTITLEMENTS = Darkness/Darkness.entitlements;
				CODE_SIGN_IDENTITY = "Apple Development";
				CODE_SIGN_STYLE = Automatic;
				COMBINE_HIDPI_IMAGES = YES;
				DEVELOPMENT_TEAM = K3WATBUBCW;
				ENABLE_HARDENED_RUNTIME = YES;
				INFOPLIST_FILE = Darkness/Info.plist;
				LD_RUNPATH_SEARCH_PATHS = (
					"$(inherited)",
					"@executable_path/../Frameworks",
				);
				PRODUCT_BUNDLE_IDENTIFIER = com.disho.Darkness;
				PRODUCT_NAME = "$(TARGET_NAME)";
				SWIFT_VERSION = 5.0;
			};
			name = Debug;
		};
		C0ED0ACB23590B9500A20B2B /* Release */ = {
			isa = XCBuildConfiguration;
			baseConfigurationReference = A6584E91867B0CD4B31DFC61 /* Pods-Darkness.release.xcconfig */;
			buildSettings = {
				ASSETCATALOG_COMPILER_APPICON_NAME = AppIcon;
				CODE_SIGN_ENTITLEMENTS = Darkness/Darkness.entitlements;
				CODE_SIGN_IDENTITY = "Apple Development";
				CODE_SIGN_STYLE = Automatic;
				COMBINE_HIDPI_IMAGES = YES;
				DEVELOPMENT_TEAM = K3WATBUBCW;
				ENABLE_HARDENED_RUNTIME = YES;
				INFOPLIST_FILE = Darkness/Info.plist;
				LD_RUNPATH_SEARCH_PATHS = (
					"$(inherited)",
					"@executable_path/../Frameworks",
				);
				PRODUCT_BUNDLE_IDENTIFIER = com.disho.Darkness;
				PRODUCT_NAME = "$(TARGET_NAME)";
				SWIFT_VERSION = 5.0;
			};
			name = Release;
		};
/* End XCBuildConfiguration section */

/* Begin XCConfigurationList section */
		C0ED0AB423590B9400A20B2B /* Build configuration list for PBXProject "Darkness" */ = {
			isa = XCConfigurationList;
			buildConfigurations = (
				C0ED0AC723590B9500A20B2B /* Debug */,
				C0ED0AC823590B9500A20B2B /* Release */,
			);
			defaultConfigurationIsVisible = 0;
			defaultConfigurationName = Release;
		};
		C0ED0AC923590B9500A20B2B /* Build configuration list for PBXNativeTarget "Darkness" */ = {
			isa = XCConfigurationList;
			buildConfigurations = (
				C0ED0ACA23590B9500A20B2B /* Debug */,
				C0ED0ACB23590B9500A20B2B /* Release */,
			);
			defaultConfigurationIsVisible = 0;
			defaultConfigurationName = Release;
		};
/* End XCConfigurationList section */
	};
	rootObject = C0ED0AB123590B9400A20B2B /* Project object */;
}
