// !$*UTF8*$!
{
	archiveVersion = 1;
	classes = {
	};
	objectVersion = 50;
	objects = {

/* Begin PBXBuildFile section */
		C0BF171F235F3FEC00521919 /* Appearance.swift in Sources */ = {isa = PBXBuildFile; fileRef = C0BF171E235F3FEC00521919 /* Appearance.swift */; };
		C0ED0ABD23590B9400A20B2B /* AppDelegate.swift in Sources */ = {isa = PBXBuildFile; fileRef = C0ED0ABC23590B9400A20B2B /* AppDelegate.swift */; };
		C0ED0ABF23590B9400A20B2B /* ViewController.swift in Sources */ = {isa = PBXBuildFile; fileRef = C0ED0ABE23590B9400A20B2B /* ViewController.swift */; };
		C0ED0AC123590B9500A20B2B /* Assets.xcassets in Resources */ = {isa = PBXBuildFile; fileRef = C0ED0AC023590B9500A20B2B /* Assets.xcassets */; };
		C0ED0AC423590B9500A20B2B /* Main.storyboard in Resources */ = {isa = PBXBuildFile; fileRef = C0ED0AC223590B9500A20B2B /* Main.storyboard */; };
/* End PBXBuildFile section */

/* Begin PBXFileReference section */
		C0BF171E235F3FEC00521919 /* Appearance.swift */ = {isa = PBXFileReference; lastKnownFileType = sourcecode.swift; path = Appearance.swift; sourceTree = "<group>"; };
		C0ED0AB923590B9400A20B2B /* Darkness.app */ = {isa = PBXFileReference; explicitFileType = wrapper.application; includeInIndex = 0; path = Darkness.app; sourceTree = BUILT_PRODUCTS_DIR; };
		C0ED0ABC23590B9400A20B2B /* AppDelegate.swift */ = {isa = PBXFileReference; lastKnownFileType = sourcecode.swift; path = AppDelegate.swift; sourceTree = "<group>"; };
		C0ED0ABE23590B9400A20B2B /* ViewController.swift */ = {isa = PBXFileReference; lastKnownFileType = sourcecode.swift; path = ViewController.swift; sourceTree = "<group>"; };
		C0ED0AC023590B9500A20B2B /* Assets.xcassets */ = {isa = PBXFileReference; lastKnownFileType = folder.assetcatalog; path = Assets.xcassets; sourceTree = "<group>"; };
		C0ED0AC323590B9500A20B2B /* Base */ = {isa = PBXFileReference; lastKnownFileType = file.storyboard; name = Base; path = Base.lproj/Main.storyboard; sourceTree = "<group>"; };
		C0ED0AC523590B9500A20B2B /* Info.plist */ = {isa = PBXFileReference; lastKnownFileType = text.plist.xml; path = Info.plist; sourceTree = "<group>"; };
		C0ED0AC623590B9500A20B2B /* Darkness.entitlements */ = {isa = PBXFileReference; lastKnownFileType = text.plist.entitlements; path = Darkness.entitlements; sourceTree = "<group>"; };
/* End PBXFileReference section */

/* Begin PBXFrameworksBuildPhase section */
		C0ED0AB623590B9400A20B2B /* Frameworks */ = {
			isa = PBXFrameworksBuildPhase;
			buildActionMask = 2147483647;
			files = (
			);
			runOnlyForDeploymentPostprocessing = 0;
		};
/* End PBXFrameworksBuildPhase section */

/* Begin PBXGroup section */
		C0ED0AB023590B9400A20B2B = {
			isa = PBXGroup;
			children = (
				C0ED0ABB23590B9400A20B2B /* Darkness */,
				C0ED0ABA23590B9400A20B2B /* Products */,
			);
			sourceTree = "<group>";
		};
		C0ED0ABA23590B9400A20B2B /* Products */ = {
			isa = PBXGroup;
			children = (
				C0ED0AB923590B9400A20B2B /* Darkness.app */,
			);
			name = Products;
			sourceTree = "<group>";
		};
		C0ED0ABB23590B9400A20B2B /* Darkness */ = {
			isa = PBXGroup;
			children = (
				C0ED0ABC23590B9400A20B2B /* AppDelegate.swift */,
				C0ED0ABE23590B9400A20B2B /* ViewController.swift */,
				C0BF171E235F3FEC00521919 /* Appearance.swift */,
				C0ED0AC023590B9500A20B2B /* Assets.xcassets */,
				C0ED0AC223590B9500A20B2B /* Main.storyboard */,
				C0ED0AC523590B9500A20B2B /* Info.plist */,
				C0ED0AC623590B9500A20B2B /* Darkness.entitlements */,
			);
			path = Darkness;
			sourceTree = "<group>";
		};
/* End PBXGroup section */

/* Begin PBXNativeTarget section */
		C0ED0AB823590B9400A20B2B /* Darkness */ = {
			isa = PBXNativeTarget;
			buildConfigurationList = C0ED0AC923590B9500A20B2B /* Build configuration list for PBXNativeTarget "Darkness" */;
			buildPhases = (
				C0ED0AB523590B9400A20B2B /* Sources */,
				C0ED0AB623590B9400A20B2B /* Frameworks */,
				C0ED0AB723590B9400A20B2B /* Resources */,
			);
			buildRules = (
			);
			dependencies = (
			);
			name = Darkness;
			productName = Darkness;
			productReference = C0ED0AB923590B9400A20B2B /* Darkness.app */;
			productType = "com.apple.product-type.application";
		};
/* End PBXNativeTarget section */

/* Begin PBXProject section */
		C0ED0AB123590B9400A20B2B /* Project object */ = {
			isa = PBXProject;
			attributes = {
				LastSwiftUpdateCheck = 1120;
				LastUpgradeCheck = 1120;
				ORGANIZATIONNAME = "Joan Disho";
				TargetAttributes = {
					C0ED0AB823590B9400A20B2B = {
						CreatedOnToolsVersion = 11.2;
					};
				};
			};
			buildConfigurationList = C0ED0AB423590B9400A20B2B /* Build configuration list for PBXProject "Darkness" */;
			compatibilityVersion = "Xcode 9.3";
			developmentRegion = en;
			hasScannedForEncodings = 0;
			knownRegions = (
				en,
				Base,
			);
			mainGroup = C0ED0AB023590B9400A20B2B;
			productRefGroup = C0ED0ABA23590B9400A20B2B /* Products */;
			projectDirPath = "";
			projectRoot = "";
			targets = (
				C0ED0AB823590B9400A20B2B /* Darkness */,
			);
		};
/* End PBXProject section */

/* Begin PBXResourcesBuildPhase section */
		C0ED0AB723590B9400A20B2B /* Resources */ = {
			isa = PBXResourcesBuildPhase;
			buildActionMask = 2147483647;
			files = (
				C0ED0AC123590B9500A20B2B /* Assets.xcassets in Resources */,
				C0ED0AC423590B9500A20B2B /* Main.storyboard in Resources */,
			);
			runOnlyForDeploymentPostprocessing = 0;
		};
/* End PBXResourcesBuildPhase section */

/* Begin PBXSourcesBuildPhase section */
		C0ED0AB523590B9400A20B2B /* Sources */ = {
			isa = PBXSourcesBuildPhase;
			buildActionMask = 2147483647;
			files = (
				C0ED0ABF23590B9400A20B2B /* ViewController.swift in Sources */,
				C0BF171F235F3FEC00521919 /* Appearance.swift in Sources */,
				C0ED0ABD23590B9400A20B2B /* AppDelegate.swift in Sources */,
			);
			runOnlyForDeploymentPostprocessing = 0;
		};
/* End PBXSourcesBuildPhase section */

/* Begin PBXVariantGroup section */
		C0ED0AC223590B9500A20B2B /* Main.storyboard */ = {
			isa = PBXVariantGroup;
			children = (
				C0ED0AC323590B9500A20B2B /* Base */,
			);
			name = Main.storyboard;
			sourceTree = "<group>";
		};
/* End PBXVariantGroup section */

/* Begin XCBuildConfiguration section */
		C0ED0AC723590B9500A20B2B /* Debug */ = {
			isa = XCBuildConfiguration;
			buildSettings = {
				ALWAYS_SEARCH_USER_PATHS = NO;
				CLANG_ANALYZER_NONNULL = YES;
				CLANG_ANALYZER_NUMBER_OBJECT_CONVERSION = YES_AGGRESSIVE;
				CLANG_CXX_LANGUAGE_STANDARD = "gnu++14";
				CLANG_CXX_LIBRARY = "libc++";
				CLANG_ENABLE_MODULES = YES;
				CLANG_ENABLE_OBJC_ARC = YES;
				CLANG_ENABLE_OBJC_WEAK = YES;
				CLANG_WARN_BLOCK_CAPTURE_AUTORELEASING = YES;
				CLANG_WARN_BOOL_CONVERSION = YES;
				CLANG_WARN_COMMA = YES;
				CLANG_WARN_CONSTANT_CONVERSION = YES;
				CLANG_WARN_DEPRECATED_OBJC_IMPLEMENTATIONS = YES;
				CLANG_WARN_DIRECT_OBJC_ISA_USAGE = YES_ERROR;
				CLANG_WARN_DOCUMENTATION_COMMENTS = YES;
				CLANG_WARN_EMPTY_BODY = YES;
				CLANG_WARN_ENUM_CONVERSION = YES;
				CLANG_WARN_INFINITE_RECURSION = YES;
				CLANG_WARN_INT_CONVERSION = YES;
				CLANG_WARN_NON_LITERAL_NULL_CONVERSION = YES;
				CLANG_WARN_OBJC_IMPLICIT_RETAIN_SELF = YES;
				CLANG_WARN_OBJC_LITERAL_CONVERSION = YES;
				CLANG_WARN_OBJC_ROOT_CLASS = YES_ERROR;
				CLANG_WARN_RANGE_LOOP_ANALYSIS = YES;
				CLANG_WARN_STRICT_PROTOTYPES = YES;
				CLANG_WARN_SUSPICIOUS_MOVE = YES;
				CLANG_WARN_UNGUARDED_AVAILABILITY = YES_AGGRESSIVE;
				CLANG_WARN_UNREACHABLE_CODE = YES;
				CLANG_WARN__DUPLICATE_METHOD_MATCH = YES;
				COPY_PHASE_STRIP = NO;
				DEBUG_INFORMATION_FORMAT = dwarf;
				ENABLE_STRICT_OBJC_MSGSEND = YES;
				ENABLE_TESTABILITY = YES;
				GCC_C_LANGUAGE_STANDARD = gnu11;
				GCC_DYNAMIC_NO_PIC = NO;
				GCC_NO_COMMON_BLOCKS = YES;
				GCC_OPTIMIZATION_LEVEL = 0;
				GCC_PREPROCESSOR_DEFINITIONS = (
					"DEBUG=1",
					"$(inherited)",
				);
				GCC_WARN_64_TO_32_BIT_CONVERSION = YES;
				GCC_WARN_ABOUT_RETURN_TYPE = YES_ERROR;
				GCC_WARN_UNDECLARED_SELECTOR = YES;
				GCC_WARN_UNINITIALIZED_AUTOS = YES_AGGRESSIVE;
				GCC_WARN_UNUSED_FUNCTION = YES;
				GCC_WARN_UNUSED_VARIABLE = YES;
				MACOSX_DEPLOYMENT_TARGET = 10.15;
				MTL_ENABLE_DEBUG_INFO = INCLUDE_SOURCE;
				MTL_FAST_MATH = YES;
				ONLY_ACTIVE_ARCH = YES;
				SDKROOT = macosx;
				SWIFT_ACTIVE_COMPILATION_CONDITIONS = DEBUG;
				SWIFT_OPTIMIZATION_LEVEL = "-Onone";
			};
			name = Debug;
		};
		C0ED0AC823590B9500A20B2B /* Release */ = {
			isa = XCBuildConfiguration;
			buildSettings = {
				ALWAYS_SEARCH_USER_PATHS = NO;
				CLANG_ANALYZER_NONNULL = YES;
				CLANG_ANALYZER_NUMBER_OBJECT_CONVERSION = YES_AGGRESSIVE;
				CLANG_CXX_LANGUAGE_STANDARD = "gnu++14";
				CLANG_CXX_LIBRARY = "libc++";
				CLANG_ENABLE_MODULES = YES;
				CLANG_ENABLE_OBJC_ARC = YES;
				CLANG_ENABLE_OBJC_WEAK = YES;
				CLANG_WARN_BLOCK_CAPTURE_AUTORELEASING = YES;
				CLANG_WARN_BOOL_CONVERSION = YES;
				CLANG_WARN_COMMA = YES;
				CLANG_WARN_CONSTANT_CONVERSION = YES;
				CLANG_WARN_DEPRECATED_OBJC_IMPLEMENTATIONS = YES;
				CLANG_WARN_DIRECT_OBJC_ISA_USAGE = YES_ERROR;
				CLANG_WARN_DOCUMENTATION_COMMENTS = YES;
				CLANG_WARN_EMPTY_BODY = YES;
				CLANG_WARN_ENUM_CONVERSION = YES;
				CLANG_WARN_INFINITE_RECURSION = YES;
				CLANG_WARN_INT_CONVERSION = YES;
				CLANG_WARN_NON_LITERAL_NULL_CONVERSION = YES;
				CLANG_WARN_OBJC_IMPLICIT_RETAIN_SELF = YES;
				CLANG_WARN_OBJC_LITERAL_CONVERSION = YES;
				CLANG_WARN_OBJC_ROOT_CLASS = YES_ERROR;
				CLANG_WARN_RANGE_LOOP_ANALYSIS = YES;
				CLANG_WARN_STRICT_PROTOTYPES = YES;
				CLANG_WARN_SUSPICIOUS_MOVE = YES;
				CLANG_WARN_UNGUARDED_AVAILABILITY = YES_AGGRESSIVE;
				CLANG_WARN_UNREACHABLE_CODE = YES;
				CLANG_WARN__DUPLICATE_METHOD_MATCH = YES;
				COPY_PHASE_STRIP = NO;
				DEBUG_INFORMATION_FORMAT = "dwarf-with-dsym";
				ENABLE_NS_ASSERTIONS = NO;
				ENABLE_STRICT_OBJC_MSGSEND = YES;
				GCC_C_LANGUAGE_STANDARD = gnu11;
				GCC_NO_COMMON_BLOCKS = YES;
				GCC_WARN_64_TO_32_BIT_CONVERSION = YES;
				GCC_WARN_ABOUT_RETURN_TYPE = YES_ERROR;
				GCC_WARN_UNDECLARED_SELECTOR = YES;
				GCC_WARN_UNINITIALIZED_AUTOS = YES_AGGRESSIVE;
				GCC_WARN_UNUSED_FUNCTION = YES;
				GCC_WARN_UNUSED_VARIABLE = YES;
				MACOSX_DEPLOYMENT_TARGET = 10.15;
				MTL_ENABLE_DEBUG_INFO = NO;
				MTL_FAST_MATH = YES;
				SDKROOT = macosx;
				SWIFT_COMPILATION_MODE = wholemodule;
				SWIFT_OPTIMIZATION_LEVEL = "-O";
			};
			name = Release;
		};
		C0ED0ACA23590B9500A20B2B /* Debug */ = {
			isa = XCBuildConfiguration;
			buildSettings = {
				ASSETCATALOG_COMPILER_APPICON_NAME = AppIcon;
				CODE_SIGN_ENTITLEMENTS = Darkness/Darkness.entitlements;
				CODE_SIGN_IDENTITY = "Apple Development";
				CODE_SIGN_STYLE = Automatic;
				COMBINE_HIDPI_IMAGES = YES;
				DEVELOPMENT_TEAM = K3WATBUBCW;
				ENABLE_HARDENED_RUNTIME = YES;
				INFOPLIST_FILE = Darkness/Info.plist;
				LD_RUNPATH_SEARCH_PATHS = (
					"$(inherited)",
					"@executable_path/../Frameworks",
				);
				PRODUCT_BUNDLE_IDENTIFIER = disho.Darkness;
				PRODUCT_NAME = "$(TARGET_NAME)";
				SWIFT_VERSION = 5.0;
			};
			name = Debug;
		};
		C0ED0ACB23590B9500A20B2B /* Release */ = {
			isa = XCBuildConfiguration;
			buildSettings = {
				ASSETCATALOG_COMPILER_APPICON_NAME = AppIcon;
				CODE_SIGN_ENTITLEMENTS = Darkness/Darkness.entitlements;
				CODE_SIGN_IDENTITY = "Apple Development";
				CODE_SIGN_STYLE = Automatic;
				COMBINE_HIDPI_IMAGES = YES;
				DEVELOPMENT_TEAM = K3WATBUBCW;
				ENABLE_HARDENED_RUNTIME = YES;
				INFOPLIST_FILE = Darkness/Info.plist;
				LD_RUNPATH_SEARCH_PATHS = (
					"$(inherited)",
					"@executable_path/../Frameworks",
				);
				PRODUCT_BUNDLE_IDENTIFIER = disho.Darkness;
				PRODUCT_NAME = "$(TARGET_NAME)";
				SWIFT_VERSION = 5.0;
			};
			name = Release;
		};
/* End XCBuildConfiguration section */

/* Begin XCConfigurationList section */
		C0ED0AB423590B9400A20B2B /* Build configuration list for PBXProject "Darkness" */ = {
			isa = XCConfigurationList;
			buildConfigurations = (
				C0ED0AC723590B9500A20B2B /* Debug */,
				C0ED0AC823590B9500A20B2B /* Release */,
			);
			defaultConfigurationIsVisible = 0;
			defaultConfigurationName = Release;
		};
		C0ED0AC923590B9500A20B2B /* Build configuration list for PBXNativeTarget "Darkness" */ = {
			isa = XCConfigurationList;
			buildConfigurations = (
				C0ED0ACA23590B9500A20B2B /* Debug */,
				C0ED0ACB23590B9500A20B2B /* Release */,
			);
			defaultConfigurationIsVisible = 0;
			defaultConfigurationName = Release;
		};
/* End XCConfigurationList section */
	};
	rootObject = C0ED0AB123590B9400A20B2B /* Project object */;
}
